# This file is autogenerated, do not edit; changes may be undone by the next 'dep ensure'.


[[projects]]
  name = "github.com/BurntSushi/toml"
  packages = ["."]
  revision = "b26d9c308763d68093482582cea63d69be07a0f0"
  version = "v0.3.0"

[[projects]]
  name = "github.com/gorilla/websocket"
  packages = ["."]
  revision = "ea4d1f681babbce9545c9c5f3d5194a789c89f5b"
  version = "v1.2.0"

[[projects]]
  branch = "tanya"
  name = "github.com/nlopes/slack"
  packages = ["."]
  revision = "89cc0495a2457594f6d9d6af6663d94e2133d63e"
  source = "github.com/nolanlum/slack"

[[projects]]
  branch = "master"
  name = "golang.org/x/crypto"
  packages = ["ssh/terminal"]
  revision = "c4a91bd4f524f10d064139674cf55852e055ad01"

[[projects]]
  branch = "master"
  name = "golang.org/x/sys"
  packages = [
    "unix",
    "windows"
  ]
  revision = "8c0ece68c28377f4c326d85b94f8df0dace46f80"

[solve-meta]
  analyzer-name = "dep"
  analyzer-version = 1
  inputs-digest = "23758797cbab8522a05da1010eadee3e543b237a14a89775926af46b55885f19"
  solver-name = "gps-cdcl"
  solver-version = 1
